// !$*UTF8*$!
{
	archiveVersion = 1;
	classes = {
	};
	objectVersion = 50;
	objects = {

/* Begin PBXBuildFile section */
		0316EC2F209C529D00E51017 /* AppDelegate.swift in Sources */ = {isa = PBXBuildFile; fileRef = 0316EC2E209C529D00E51017 /* AppDelegate.swift */; };
		0316EC31209C529D00E51017 /* ViewController.swift in Sources */ = {isa = PBXBuildFile; fileRef = 0316EC30209C529D00E51017 /* ViewController.swift */; };
		0316EC34209C529D00E51017 /* Main.storyboard in Resources */ = {isa = PBXBuildFile; fileRef = 0316EC32209C529D00E51017 /* Main.storyboard */; };
		0316EC36209C52A300E51017 /* Assets.xcassets in Resources */ = {isa = PBXBuildFile; fileRef = 0316EC35209C52A300E51017 /* Assets.xcassets */; };
		0316EC39209C52A300E51017 /* LaunchScreen.storyboard in Resources */ = {isa = PBXBuildFile; fileRef = 0316EC37209C52A300E51017 /* LaunchScreen.storyboard */; };
		0316EC44209C52A300E51017 /* DemotabbarTests.swift in Sources */ = {isa = PBXBuildFile; fileRef = 0316EC43209C52A300E51017 /* DemotabbarTests.swift */; };
/* End PBXBuildFile section */

/* Begin PBXContainerItemProxy section */
		0316EC40209C52A300E51017 /* PBXContainerItemProxy */ = {
			isa = PBXContainerItemProxy;
			containerPortal = 0316EC23209C529C00E51017 /* Project object */;
			proxyType = 1;
			remoteGlobalIDString = 0316EC2A209C529C00E51017;
			remoteInfo = Demotabbar;
		};
/* End PBXContainerItemProxy section */

/* Begin PBXFileReference section */
		0316EC2B209C529D00E51017 /* Demotabbar.app */ = {isa = PBXFileReference; explicitFileType = wrapper.application; includeInIndex = 0; path = Demotabbar.app; sourceTree = BUILT_PRODUCTS_DIR; };
		0316EC2E209C529D00E51017 /* AppDelegate.swift */ = {isa = PBXFileReference; lastKnownFileType = sourcecode.swift; path = AppDelegate.swift; sourceTree = "<group>"; };
		0316EC30209C529D00E51017 /* ViewController.swift */ = {isa = PBXFileReference; lastKnownFileType = sourcecode.swift; path = ViewController.swift; sourceTree = "<group>"; };
		0316EC33209C529D00E51017 /* Base */ = {isa = PBXFileReference; lastKnownFileType = file.storyboard; name = Base; path = Base.lproj/Main.storyboard; sourceTree = "<group>"; };
		0316EC35209C52A300E51017 /* Assets.xcassets */ = {isa = PBXFileReference; lastKnownFileType = folder.assetcatalog; path = Assets.xcassets; sourceTree = "<group>"; };
		0316EC38209C52A300E51017 /* Base */ = {isa = PBXFileReference; lastKnownFileType = file.storyboard; name = Base; path = Base.lproj/LaunchScreen.storyboard; sourceTree = "<group>"; };
		0316EC3A209C52A300E51017 /* Info.plist */ = {isa = PBXFileReference; lastKnownFileType = text.plist.xml; path = Info.plist; sourceTree = "<group>"; };
		0316EC3F209C52A300E51017 /* DemotabbarTests.xctest */ = {isa = PBXFileReference; explicitFileType = wrapper.cfbundle; includeInIndex = 0; path = DemotabbarTests.xctest; sourceTree = BUILT_PRODUCTS_DIR; };
		0316EC43209C52A300E51017 /* DemotabbarTests.swift */ = {isa = PBXFileReference; lastKnownFileType = sourcecode.swift; path = DemotabbarTests.swift; sourceTree = "<group>"; };
		0316EC45209C52A300E51017 /* Info.plist */ = {isa = PBXFileReference; lastKnownFileType = text.plist.xml; path = Info.plist; sourceTree = "<group>"; };
/* End PBXFileReference section */

/* Begin PBXFrameworksBuildPhase section */
		0316EC28209C529C00E51017 /* Frameworks */ = {
			isa = PBXFrameworksBuildPhase;
			buildActionMask = 2147483647;
			files = (
			);
			runOnlyForDeploymentPostprocessing = 0;
		};
		0316EC3C209C52A300E51017 /* Frameworks */ = {
			isa = PBXFrameworksBuildPhase;
			buildActionMask = 2147483647;
			files = (
			);
			runOnlyForDeploymentPostprocessing = 0;
		};
/* End PBXFrameworksBuildPhase section */

/* Begin PBXGroup section */
		0316EC22209C529C00E51017 = {
			isa = PBXGroup;
			children = (
				0316EC2D209C529D00E51017 /* Demotabbar */,
				0316EC42209C52A300E51017 /* DemotabbarTests */,
				0316EC2C209C529D00E51017 /* Products */,
			);
			sourceTree = "<group>";
		};
		0316EC2C209C529D00E51017 /* Products */ = {
			isa = PBXGroup;
			children = (
				0316EC2B209C529D00E51017 /* Demotabbar.app */,
				0316EC3F209C52A300E51017 /* DemotabbarTests.xctest */,
			);
			name = Products;
			sourceTree = "<group>";
		};
		0316EC2D209C529D00E51017 /* Demotabbar */ = {
			isa = PBXGroup;
			children = (
				0316EC2E209C529D00E51017 /* AppDelegate.swift */,
				0316EC30209C529D00E51017 /* ViewController.swift */,
				0316EC32209C529D00E51017 /* Main.storyboard */,
				0316EC35209C52A300E51017 /* Assets.xcassets */,
				0316EC37209C52A300E51017 /* LaunchScreen.storyboard */,
				0316EC3A209C52A300E51017 /* Info.plist */,
			);
			path = Demotabbar;
			sourceTree = "<group>";
		};
		0316EC42209C52A300E51017 /* DemotabbarTests */ = {
			isa = PBXGroup;
			children = (
				0316EC43209C52A300E51017 /* DemotabbarTests.swift */,
				0316EC45209C52A300E51017 /* Info.plist */,
			);
			path = DemotabbarTests;
			sourceTree = "<group>";
		};
/* End PBXGroup section */

/* Begin PBXNativeTarget section */
		0316EC2A209C529C00E51017 /* Demotabbar */ = {
			isa = PBXNativeTarget;
			buildConfigurationList = 0316EC48209C52A300E51017 /* Build configuration list for PBXNativeTarget "Demotabbar" */;
			buildPhases = (
				0316EC27209C529C00E51017 /* Sources */,
				0316EC28209C529C00E51017 /* Frameworks */,
				0316EC29209C529C00E51017 /* Resources */,
			);
			buildRules = (
			);
			dependencies = (
			);
			name = Demotabbar;
			productName = Demotabbar;
			productReference = 0316EC2B209C529D00E51017 /* Demotabbar.app */;
			productType = "com.apple.product-type.application";
		};
		0316EC3E209C52A300E51017 /* DemotabbarTests */ = {
			isa = PBXNativeTarget;
			buildConfigurationList = 0316EC4B209C52A300E51017 /* Build configuration list for PBXNativeTarget "DemotabbarTests" */;
			buildPhases = (
				0316EC3B209C52A300E51017 /* Sources */,
				0316EC3C209C52A300E51017 /* Frameworks */,
				0316EC3D209C52A300E51017 /* Resources */,
			);
			buildRules = (
			);
			dependencies = (
				0316EC41209C52A300E51017 /* PBXTargetDependency */,
			);
			name = DemotabbarTests;
			productName = DemotabbarTests;
			productReference = 0316EC3F209C52A300E51017 /* DemotabbarTests.xctest */;
			productType = "com.apple.product-type.bundle.unit-test";
		};
/* End PBXNativeTarget section */

/* Begin PBXProject section */
		0316EC23209C529C00E51017 /* Project object */ = {
			isa = PBXProject;
			attributes = {
				LastSwiftUpdateCheck = 0930;
				LastUpgradeCheck = 0930;
				ORGANIZATIONNAME = "BeeSight Soft";
				TargetAttributes = {
					0316EC2A209C529C00E51017 = {
						CreatedOnToolsVersion = 9.3;
					};
					0316EC3E209C52A300E51017 = {
						CreatedOnToolsVersion = 9.3;
						TestTargetID = 0316EC2A209C529C00E51017;
					};
				};
			};
			buildConfigurationList = 0316EC26209C529C00E51017 /* Build configuration list for PBXProject "Demotabbar" */;
			compatibilityVersion = "Xcode 9.3";
			developmentRegion = en;
			hasScannedForEncodings = 0;
			knownRegions = (
				en,
				Base,
			);
			mainGroup = 0316EC22209C529C00E51017;
			productRefGroup = 0316EC2C209C529D00E51017 /* Products */;
			projectDirPath = "";
			projectRoot = "";
			targets = (
				0316EC2A209C529C00E51017 /* Demotabbar */,
				0316EC3E209C52A300E51017 /* DemotabbarTests */,
			);
		};
/* End PBXProject section */

/* Begin PBXResourcesBuildPhase section */
		0316EC29209C529C00E51017 /* Resources */ = {
			isa = PBXResourcesBuildPhase;
			buildActionMask = 2147483647;
			files = (
				0316EC39209C52A300E51017 /* LaunchScreen.storyboard in Resources */,
				0316EC36209C52A300E51017 /* Assets.xcassets in Resources */,
				0316EC34209C529D00E51017 /* Main.storyboard in Resources */,
			);
			runOnlyForDeploymentPostprocessing = 0;
		};
		0316EC3D209C52A300E51017 /* Resources */ = {
			isa = PBXResourcesBuildPhase;
			buildActionMask = 2147483647;
			files = (
			);
			runOnlyForDeploymentPostprocessing = 0;
		};
/* End PBXResourcesBuildPhase section */

/* Begin PBXSourcesBuildPhase section */
		0316EC27209C529C00E51017 /* Sources */ = {
			isa = PBXSourcesBuildPhase;
			buildActionMask = 2147483647;
			files = (
				0316EC31209C529D00E51017 /* ViewController.swift in Sources */,
				0316EC2F209C529D00E51017 /* AppDelegate.swift in Sources */,
			);
			runOnlyForDeploymentPostprocessing = 0;
		};
		0316EC3B209C52A300E51017 /* Sources */ = {
			isa = PBXSourcesBuildPhase;
			buildActionMask = 2147483647;
			files = (
				0316EC44209C52A300E51017 /* DemotabbarTests.swift in Sources */,
			);
			runOnlyForDeploymentPostprocessing = 0;
		};
/* End PBXSourcesBuildPhase section */

/* Begin PBXTargetDependency section */
		0316EC41209C52A300E51017 /* PBXTargetDependency */ = {
			isa = PBXTargetDependency;
			target = 0316EC2A209C529C00E51017 /* Demotabbar */;
			targetProxy = 0316EC40209C52A300E51017 /* PBXContainerItemProxy */;
		};
/* End PBXTargetDependency section */

/* Begin PBXVariantGroup section */
		0316EC32209C529D00E51017 /* Main.storyboard */ = {
			isa = PBXVariantGroup;
			children = (
				0316EC33209C529D00E51017 /* Base */,
			);
			name = Main.storyboard;
			sourceTree = "<group>";
		};
		0316EC37209C52A300E51017 /* LaunchScreen.storyboard */ = {
			isa = PBXVariantGroup;
			children = (
				0316EC38209C52A300E51017 /* Base */,
			);
			name = LaunchScreen.storyboard;
			sourceTree = "<group>";
		};
/* End PBXVariantGroup section */

/* Begin XCBuildConfiguration section */
		0316EC46209C52A300E51017 /* Debug */ = {
			isa = XCBuildConfiguration;
			buildSettings = {
				ALWAYS_SEARCH_USER_PATHS = NO;
				CLANG_ANALYZER_NONNULL = YES;
				CLANG_ANALYZER_NUMBER_OBJECT_CONVERSION = YES_AGGRESSIVE;
				CLANG_CXX_LANGUAGE_STANDARD = "gnu++14";
				CLANG_CXX_LIBRARY = "libc++";
				CLANG_ENABLE_MODULES = YES;
				CLANG_ENABLE_OBJC_ARC = YES;
				CLANG_ENABLE_OBJC_WEAK = YES;
				CLANG_WARN_BLOCK_CAPTURE_AUTORELEASING = YES;
				CLANG_WARN_BOOL_CONVERSION = YES;
				CLANG_WARN_COMMA = YES;
				CLANG_WARN_CONSTANT_CONVERSION = YES;
				CLANG_WARN_DEPRECATED_OBJC_IMPLEMENTATIONS = YES;
				CLANG_WARN_DIRECT_OBJC_ISA_USAGE = YES_ERROR;
				CLANG_WARN_DOCUMENTATION_COMMENTS = YES;
				CLANG_WARN_EMPTY_BODY = YES;
				CLANG_WARN_ENUM_CONVERSION = YES;
				CLANG_WARN_INFINITE_RECURSION = YES;
				CLANG_WARN_INT_CONVERSION = YES;
				CLANG_WARN_NON_LITERAL_NULL_CONVERSION = YES;
				CLANG_WARN_OBJC_IMPLICIT_RETAIN_SELF = YES;
				CLANG_WARN_OBJC_LITERAL_CONVERSION = YES;
				CLANG_WARN_OBJC_ROOT_CLASS = YES_ERROR;
				CLANG_WARN_RANGE_LOOP_ANALYSIS = YES;
				CLANG_WARN_STRICT_PROTOTYPES = YES;
				CLANG_WARN_SUSPICIOUS_MOVE = YES;
				CLANG_WARN_UNGUARDED_AVAILABILITY = YES_AGGRESSIVE;
				CLANG_WARN_UNREACHABLE_CODE = YES;
				CLANG_WARN__DUPLICATE_METHOD_MATCH = YES;
				CODE_SIGN_IDENTITY = "iPhone Developer";
				COPY_PHASE_STRIP = NO;
				DEBUG_INFORMATION_FORMAT = dwarf;
				ENABLE_STRICT_OBJC_MSGSEND = YES;
				ENABLE_TESTABILITY = YES;
				GCC_C_LANGUAGE_STANDARD = gnu11;
				GCC_DYNAMIC_NO_PIC = NO;
				GCC_NO_COMMON_BLOCKS = YES;
				GCC_OPTIMIZATION_LEVEL = 0;
				GCC_PREPROCESSOR_DEFINITIONS = (
					"DEBUG=1",
					"$(inherited)",
				);
				GCC_WARN_64_TO_32_BIT_CONVERSION = YES;
				GCC_WARN_ABOUT_RETURN_TYPE = YES_ERROR;
				GCC_WARN_UNDECLARED_SELECTOR = YES;
				GCC_WARN_UNINITIALIZED_AUTOS = YES_AGGRESSIVE;
				GCC_WARN_UNUSED_FUNCTION = YES;
				GCC_WARN_UNUSED_VARIABLE = YES;
				IPHONEOS_DEPLOYMENT_TARGET = 11.3;
				MTL_ENABLE_DEBUG_INFO = YES;
				ONLY_ACTIVE_ARCH = YES;
				SDKROOT = iphoneos;
				SWIFT_ACTIVE_COMPILATION_CONDITIONS = DEBUG;
				SWIFT_OPTIMIZATION_LEVEL = "-Onone";
			};
			name = Debug;
		};
		0316EC47209C52A300E51017 /* Release */ = {
			isa = XCBuildConfiguration;
			buildSettings = {
				ALWAYS_SEARCH_USER_PATHS = NO;
				CLANG_ANALYZER_NONNULL = YES;
				CLANG_ANALYZER_NUMBER_OBJECT_CONVERSION = YES_AGGRESSIVE;
				CLANG_CXX_LANGUAGE_STANDARD = "gnu++14";
				CLANG_CXX_LIBRARY = "libc++";
				CLANG_ENABLE_MODULES = YES;
				CLANG_ENABLE_OBJC_ARC = YES;
				CLANG_ENABLE_OBJC_WEAK = YES;
				CLANG_WARN_BLOCK_CAPTURE_AUTORELEASING = YES;
				CLANG_WARN_BOOL_CONVERSION = YES;
				CLANG_WARN_COMMA = YES;
				CLANG_WARN_CONSTANT_CONVERSION = YES;
				CLANG_WARN_DEPRECATED_OBJC_IMPLEMENTATIONS = YES;
				CLANG_WARN_DIRECT_OBJC_ISA_USAGE = YES_ERROR;
				CLANG_WARN_DOCUMENTATION_COMMENTS = YES;
				CLANG_WARN_EMPTY_BODY = YES;
				CLANG_WARN_ENUM_CONVERSION = YES;
				CLANG_WARN_INFINITE_RECURSION = YES;
				CLANG_WARN_INT_CONVERSION = YES;
				CLANG_WARN_NON_LITERAL_NULL_CONVERSION = YES;
				CLANG_WARN_OBJC_IMPLICIT_RETAIN_SELF = YES;
				CLANG_WARN_OBJC_LITERAL_CONVERSION = YES;
				CLANG_WARN_OBJC_ROOT_CLASS = YES_ERROR;
				CLANG_WARN_RANGE_LOOP_ANALYSIS = YES;
				CLANG_WARN_STRICT_PROTOTYPES = YES;
				CLANG_WARN_SUSPICIOUS_MOVE = YES;
				CLANG_WARN_UNGUARDED_AVAILABILITY = YES_AGGRESSIVE;
				CLANG_WARN_UNREACHABLE_CODE = YES;
				CLANG_WARN__DUPLICATE_METHOD_MATCH = YES;
				CODE_SIGN_IDENTITY = "iPhone Developer";
				COPY_PHASE_STRIP = NO;
				DEBUG_INFORMATION_FORMAT = "dwarf-with-dsym";
				ENABLE_NS_ASSERTIONS = NO;
				ENABLE_STRICT_OBJC_MSGSEND = YES;
				GCC_C_LANGUAGE_STANDARD = gnu11;
				GCC_NO_COMMON_BLOCKS = YES;
				GCC_WARN_64_TO_32_BIT_CONVERSION = YES;
				GCC_WARN_ABOUT_RETURN_TYPE = YES_ERROR;
				GCC_WARN_UNDECLARED_SELECTOR = YES;
				GCC_WARN_UNINITIALIZED_AUTOS = YES_AGGRESSIVE;
				GCC_WARN_UNUSED_FUNCTION = YES;
				GCC_WARN_UNUSED_VARIABLE = YES;
				IPHONEOS_DEPLOYMENT_TARGET = 11.3;
				MTL_ENABLE_DEBUG_INFO = NO;
				SDKROOT = iphoneos;
				SWIFT_COMPILATION_MODE = wholemodule;
				SWIFT_OPTIMIZATION_LEVEL = "-O";
				VALIDATE_PRODUCT = YES;
			};
			name = Release;
		};
		0316EC49209C52A300E51017 /* Debug */ = {
			isa = XCBuildConfiguration;
			buildSettings = {
				ASSETCATALOG_COMPILER_APPICON_NAME = AppIcon;
				CODE_SIGN_STYLE = Automatic;
				INFOPLIST_FILE = Demotabbar/Info.plist;
				LD_RUNPATH_SEARCH_PATHS = (
					"$(inherited)",
					"@executable_path/Frameworks",
				);
				PRODUCT_BUNDLE_IDENTIFIER = beesightsoft.com.Demotabbar;
				PRODUCT_NAME = "$(TARGET_NAME)";
				SWIFT_VERSION = 4.0;
				TARGETED_DEVICE_FAMILY = "1,2";
			};
			name = Debug;
		};
		0316EC4A209C52A300E51017 /* Release */ = {
			isa = XCBuildConfiguration;
			buildSettings = {
				ASSETCATALOG_COMPILER_APPICON_NAME = AppIcon;
				CODE_SIGN_STYLE = Automatic;
				INFOPLIST_FILE = Demotabbar/Info.plist;
				LD_RUNPATH_SEARCH_PATHS = (
					"$(inherited)",
					"@executable_path/Frameworks",
				);
				PRODUCT_BUNDLE_IDENTIFIER = beesightsoft.com.Demotabbar;
				PRODUCT_NAME = "$(TARGET_NAME)";
				SWIFT_VERSION = 4.0;
				TARGETED_DEVICE_FAMILY = "1,2";
			};
			name = Release;
		};
		0316EC4C209C52A300E51017 /* Debug */ = {
			isa = XCBuildConfiguration;
			buildSettings = {
				ALWAYS_EMBED_SWIFT_STANDARD_LIBRARIES = YES;
				BUNDLE_LOADER = "$(TEST_HOST)";
				CODE_SIGN_STYLE = Automatic;
				INFOPLIST_FILE = DemotabbarTests/Info.plist;
				LD_RUNPATH_SEARCH_PATHS = (
					"$(inherited)",
					"@executable_path/Frameworks",
					"@loader_path/Frameworks",
				);
				PRODUCT_BUNDLE_IDENTIFIER = beesightsoft.com.DemotabbarTests;
				PRODUCT_NAME = "$(TARGET_NAME)";
				SWIFT_VERSION = 4.0;
				TARGETED_DEVICE_FAMILY = "1,2";
				TEST_HOST = "$(BUILT_PRODUCTS_DIR)/Demotabbar.app/Demotabbar";
			};
			name = Debug;
		};
		0316EC4D209C52A300E51017 /* Release */ = {
			isa = XCBuildConfiguration;
			buildSettings = {
				ALWAYS_EMBED_SWIFT_STANDARD_LIBRARIES = YES;
				BUNDLE_LOADER = "$(TEST_HOST)";
				CODE_SIGN_STYLE = Automatic;
				INFOPLIST_FILE = DemotabbarTests/Info.plist;
				LD_RUNPATH_SEARCH_PATHS = (
					"$(inherited)",
					"@executable_path/Frameworks",
					"@loader_path/Frameworks",
				);
				PRODUCT_BUNDLE_IDENTIFIER = beesightsoft.com.DemotabbarTests;
				PRODUCT_NAME = "$(TARGET_NAME)";
				SWIFT_VERSION = 4.0;
				TARGETED_DEVICE_FAMILY = "1,2";
				TEST_HOST = "$(BUILT_PRODUCTS_DIR)/Demotabbar.app/Demotabbar";
			};
			name = Release;
		};
/* End XCBuildConfiguration section */

/* Begin XCConfigurationList section */
		0316EC26209C529C00E51017 /* Build configuration list for PBXProject "Demotabbar" */ = {
			isa = XCConfigurationList;
			buildConfigurations = (
				0316EC46209C52A300E51017 /* Debug */,
				0316EC47209C52A300E51017 /* Release */,
			);
			defaultConfigurationIsVisible = 0;
			defaultConfigurationName = Release;
		};
		0316EC48209C52A300E51017 /* Build configuration list for PBXNativeTarget "Demotabbar" */ = {
			isa = XCConfigurationList;
			buildConfigurations = (
				0316EC49209C52A300E51017 /* Debug */,
				0316EC4A209C52A300E51017 /* Release */,
			);
			defaultConfigurationIsVisible = 0;
			defaultConfigurationName = Release;
		};
		0316EC4B209C52A300E51017 /* Build configuration list for PBXNativeTarget "DemotabbarTests" */ = {
			isa = XCConfigurationList;
			buildConfigurations = (
				0316EC4C209C52A300E51017 /* Debug */,
				0316EC4D209C52A300E51017 /* Release */,
			);
			defaultConfigurationIsVisible = 0;
			defaultConfigurationName = Release;
		};
/* End XCConfigurationList section */
	};
	rootObject = 0316EC23209C529C00E51017 /* Project object */;
}
